Microsoft Visual Studio Solution File, Format Version 12.00
# Visual Studio Version 17
VisualStudioVersion = 17.5.2.0
MinimumVisualStudioVersion = 10.0.40219.1
Project("{FAE04EC0-301F-11D3-BF4B-00C04F79EFBC}") = "Ai_Post_Gen_Ecom_Platform", "Ai_Post_Gen_Ecom_Platform.csproj", "{6306F760-306F-8611-F051-AE9B85AFFC0E}"
EndProject
Global
	GlobalSection(SolutionConfigurationPlatforms) = preSolution
		Debug|Any CPU = Debug|Any CPU
		Release|Any CPU = Release|Any CPU
	EndGlobalSection
	GlobalSection(ProjectConfigurationPlatforms) = postSolution
		{6306F760-306F-8611-F051-AE9B85AFFC0E}.Debug|Any CPU.ActiveCfg = Debug|Any CPU
		{6306F760-306F-8611-F051-AE9B85AFFC0E}.Debug|Any CPU.Build.0 = Debug|Any CPU
		{6306F760-306F-8611-F051-AE9B85AFFC0E}.Release|Any CPU.ActiveCfg = Release|Any CPU
		{6306F760-306F-8611-F051-AE9B85AFFC0E}.Release|Any CPU.Build.0 = Release|Any CPU
	EndGlobalSection
	GlobalSection(SolutionProperties) = preSolution
		HideSolutionNode = FALSE
	EndGlobalSection
	GlobalSection(ExtensibilityGlobals) = postSolution
		SolutionGuid = {1B4C4207-FE01-4124-B314-15A74E6BF7F6}
	EndGlobalSection
EndGlobal
